// !$*UTF8*$!
{
	archiveVersion = 1;
	classes = {
	};
	objectVersion = 46;
	objects = {

/* Begin PBXBuildFile section */
		5976E1D91E77580400EF1B04 /* main.c in Sources */ = {isa = PBXBuildFile; fileRef = 5976E1D81E77580400EF1B04 /* main.c */; };
		5976E1E01E77585E00EF1B04 /* mykernel.cl in Sources */ = {isa = PBXBuildFile; fileRef = 5976E1DF1E77585E00EF1B04 /* mykernel.cl */; };
		5976E1E41E77597100EF1B04 /* OpenCL.framework in Frameworks */ = {isa = PBXBuildFile; fileRef = 5976E1E21E77591800EF1B04 /* OpenCL.framework */; };
/* End PBXBuildFile section */

/* Begin PBXCopyFilesBuildPhase section */
		5976E1D31E77580300EF1B04 /* CopyFiles */ = {
			isa = PBXCopyFilesBuildPhase;
			buildActionMask = 2147483647;
			dstPath = /usr/share/man/man1/;
			dstSubfolderSpec = 0;
			files = (
			);
			runOnlyForDeploymentPostprocessing = 1;
		};
/* End PBXCopyFilesBuildPhase section */

/* Begin PBXFileReference section */
		5976E1D51E77580400EF1B04 /* OpenCLTest */ = {isa = PBXFileReference; explicitFileType = "compiled.mach-o.executable"; includeInIndex = 0; path = OpenCLTest; sourceTree = BUILT_PRODUCTS_DIR; };
		5976E1D81E77580400EF1B04 /* main.c */ = {isa = PBXFileReference; lastKnownFileType = sourcecode.c.c; path = main.c; sourceTree = "<group>"; };
		5976E1DF1E77585E00EF1B04 /* mykernel.cl */ = {isa = PBXFileReference; fileEncoding = 4; lastKnownFileType = sourcecode.opencl; path = mykernel.cl; sourceTree = "<group>"; };
		5976E1E21E77591800EF1B04 /* OpenCL.framework */ = {isa = PBXFileReference; lastKnownFileType = wrapper.framework; name = OpenCL.framework; path = System/Library/Frameworks/OpenCL.framework; sourceTree = SDKROOT; };
/* End PBXFileReference section */

/* Begin PBXFrameworksBuildPhase section */
		5976E1D21E77580300EF1B04 /* Frameworks */ = {
			isa = PBXFrameworksBuildPhase;
			buildActionMask = 2147483647;
			files = (
				5976E1E41E77597100EF1B04 /* OpenCL.framework in Frameworks */,
			);
			runOnlyForDeploymentPostprocessing = 0;
		};
/* End PBXFrameworksBuildPhase section */

/* Begin PBXGroup section */
		5976E1CC1E77580300EF1B04 = {
			isa = PBXGroup;
			children = (
				5976E1D71E77580400EF1B04 /* OpenCLTest */,
				5976E1D61E77580400EF1B04 /* Products */,
				5976E1E11E77591800EF1B04 /* Frameworks */,
			);
			sourceTree = "<group>";
		};
		5976E1D61E77580400EF1B04 /* Products */ = {
			isa = PBXGroup;
			children = (
				5976E1D51E77580400EF1B04 /* OpenCLTest */,
			);
			name = Products;
			sourceTree = "<group>";
		};
		5976E1D71E77580400EF1B04 /* OpenCLTest */ = {
			isa = PBXGroup;
			children = (
				5976E1D81E77580400EF1B04 /* main.c */,
				5976E1DF1E77585E00EF1B04 /* mykernel.cl */,
			);
			path = OpenCLTest;
			sourceTree = "<group>";
		};
		5976E1E11E77591800EF1B04 /* Frameworks */ = {
			isa = PBXGroup;
			children = (
				5976E1E21E77591800EF1B04 /* OpenCL.framework */,
			);
			name = Frameworks;
			sourceTree = "<group>";
		};
/* End PBXGroup section */

/* Begin PBXNativeTarget section */
		5976E1D41E77580300EF1B04 /* OpenCLTest */ = {
			isa = PBXNativeTarget;
			buildConfigurationList = 5976E1DC1E77580400EF1B04 /* Build configuration list for PBXNativeTarget "OpenCLTest" */;
			buildPhases = (
				5976E1D11E77580300EF1B04 /* Sources */,
				5976E1D21E77580300EF1B04 /* Frameworks */,
				5976E1D31E77580300EF1B04 /* CopyFiles */,
			);
			buildRules = (
			);
			dependencies = (
			);
			name = OpenCLTest;
			productName = OpenCLTest;
			productReference = 5976E1D51E77580400EF1B04 /* OpenCLTest */;
			productType = "com.apple.product-type.tool";
		};
/* End PBXNativeTarget section */

/* Begin PBXProject section */
		5976E1CD1E77580300EF1B04 /* Project object */ = {
			isa = PBXProject;
			attributes = {
				LastUpgradeCheck = 0820;
				ORGANIZATIONNAME = "Kevin DeKorte";
				TargetAttributes = {
					5976E1D41E77580300EF1B04 = {
						CreatedOnToolsVersion = 8.2.1;
						ProvisioningStyle = Automatic;
					};
				};
			};
			buildConfigurationList = 5976E1D01E77580300EF1B04 /* Build configuration list for PBXProject "OpenCLTest" */;
			compatibilityVersion = "Xcode 3.2";
			developmentRegion = English;
			hasScannedForEncodings = 0;
			knownRegions = (
				en,
			);
			mainGroup = 5976E1CC1E77580300EF1B04;
			productRefGroup = 5976E1D61E77580400EF1B04 /* Products */;
			projectDirPath = "";
			projectRoot = "";
			targets = (
				5976E1D41E77580300EF1B04 /* OpenCLTest */,
			);
		};
/* End PBXProject section */

/* Begin PBXSourcesBuildPhase section */
		5976E1D11E77580300EF1B04 /* Sources */ = {
			isa = PBXSourcesBuildPhase;
			buildActionMask = 2147483647;
			files = (
				5976E1D91E77580400EF1B04 /* main.c in Sources */,
				5976E1E01E77585E00EF1B04 /* mykernel.cl in Sources */,
			);
			runOnlyForDeploymentPostprocessing = 0;
		};
/* End PBXSourcesBuildPhase section */

/* Begin XCBuildConfiguration section */
		5976E1DA1E77580400EF1B04 /* Debug */ = {
			isa = XCBuildConfiguration;
			buildSettings = {
				ALWAYS_SEARCH_USER_PATHS = NO;
				CLANG_ANALYZER_NONNULL = YES;
				CLANG_CXX_LANGUAGE_STANDARD = "gnu++0x";
				CLANG_CXX_LIBRARY = "libc++";
				CLANG_ENABLE_MODULES = YES;
				CLANG_ENABLE_OBJC_ARC = YES;
				CLANG_WARN_BOOL_CONVERSION = YES;
				CLANG_WARN_CONSTANT_CONVERSION = YES;
				CLANG_WARN_DIRECT_OBJC_ISA_USAGE = YES_ERROR;
				CLANG_WARN_DOCUMENTATION_COMMENTS = YES;
				CLANG_WARN_EMPTY_BODY = YES;
				CLANG_WARN_ENUM_CONVERSION = YES;
				CLANG_WARN_INFINITE_RECURSION = YES;
				CLANG_WARN_INT_CONVERSION = YES;
				CLANG_WARN_OBJC_ROOT_CLASS = YES_ERROR;
				CLANG_WARN_SUSPICIOUS_MOVE = YES;
				CLANG_WARN_UNREACHABLE_CODE = YES;
				CLANG_WARN__DUPLICATE_METHOD_MATCH = YES;
				CODE_SIGN_IDENTITY = "-";
				COPY_PHASE_STRIP = NO;
				DEBUG_INFORMATION_FORMAT = dwarf;
				ENABLE_STRICT_OBJC_MSGSEND = YES;
				ENABLE_TESTABILITY = YES;
				GCC_C_LANGUAGE_STANDARD = gnu99;
				GCC_DYNAMIC_NO_PIC = NO;
				GCC_NO_COMMON_BLOCKS = YES;
				GCC_OPTIMIZATION_LEVEL = 0;
				GCC_PREPROCESSOR_DEFINITIONS = (
					"DEBUG=1",
					"$(inherited)",
				);
				GCC_WARN_64_TO_32_BIT_CONVERSION = YES;
				GCC_WARN_ABOUT_RETURN_TYPE = YES_ERROR;
				GCC_WARN_UNDECLARED_SELECTOR = YES;
				GCC_WARN_UNINITIALIZED_AUTOS = YES_AGGRESSIVE;
				GCC_WARN_UNUSED_FUNCTION = YES;
				GCC_WARN_UNUSED_VARIABLE = YES;
				MACOSX_DEPLOYMENT_TARGET = 10.12;
				MTL_ENABLE_DEBUG_INFO = YES;
				ONLY_ACTIVE_ARCH = YES;
				SDKROOT = macosx;
			};
			name = Debug;
		};
		5976E1DB1E77580400EF1B04 /* Release */ = {
			isa = XCBuildConfiguration;
			buildSettings = {
				ALWAYS_SEARCH_USER_PATHS = NO;
				CLANG_ANALYZER_NONNULL = YES;
				CLANG_CXX_LANGUAGE_STANDARD = "gnu++0x";
				CLANG_CXX_LIBRARY = "libc++";
				CLANG_ENABLE_MODULES = YES;
				CLANG_ENABLE_OBJC_ARC = YES;
				CLANG_WARN_BOOL_CONVERSION = YES;
				CLANG_WARN_CONSTANT_CONVERSION = YES;
				CLANG_WARN_DIRECT_OBJC_ISA_USAGE = YES_ERROR;
				CLANG_WARN_DOCUMENTATION_COMMENTS = YES;
				CLANG_WARN_EMPTY_BODY = YES;
				CLANG_WARN_ENUM_CONVERSION = YES;
				CLANG_WARN_INFINITE_RECURSION = YES;
				CLANG_WARN_INT_CONVERSION = YES;
				CLANG_WARN_OBJC_ROOT_CLASS = YES_ERROR;
				CLANG_WARN_SUSPICIOUS_MOVE = YES;
				CLANG_WARN_UNREACHABLE_CODE = YES;
				CLANG_WARN__DUPLICATE_METHOD_MATCH = YES;
				CODE_SIGN_IDENTITY = "-";
				COPY_PHASE_STRIP = NO;
				DEBUG_INFORMATION_FORMAT = "dwarf-with-dsym";
				ENABLE_NS_ASSERTIONS = NO;
				ENABLE_STRICT_OBJC_MSGSEND = YES;
				GCC_C_LANGUAGE_STANDARD = gnu99;
				GCC_NO_COMMON_BLOCKS = YES;
				GCC_WARN_64_TO_32_BIT_CONVERSION = YES;
				GCC_WARN_ABOUT_RETURN_TYPE = YES_ERROR;
				GCC_WARN_UNDECLARED_SELECTOR = YES;
				GCC_WARN_UNINITIALIZED_AUTOS = YES_AGGRESSIVE;
				GCC_WARN_UNUSED_FUNCTION = YES;
				GCC_WARN_UNUSED_VARIABLE = YES;
				MACOSX_DEPLOYMENT_TARGET = 10.12;
				MTL_ENABLE_DEBUG_INFO = NO;
				SDKROOT = macosx;
			};
			name = Release;
		};
		5976E1DD1E77580400EF1B04 /* Debug */ = {
			isa = XCBuildConfiguration;
			buildSettings = {
				ONLY_ACTIVE_ARCH = YES;
				PRODUCT_NAME = "$(TARGET_NAME)";
			};
			name = Debug;
		};
		5976E1DE1E77580400EF1B04 /* Release */ = {
			isa = XCBuildConfiguration;
			buildSettings = {
				ONLY_ACTIVE_ARCH = YES;
				PRODUCT_NAME = "$(TARGET_NAME)";
			};
			name = Release;
		};
/* End XCBuildConfiguration section */

/* Begin XCConfigurationList section */
		5976E1D01E77580300EF1B04 /* Build configuration list for PBXProject "OpenCLTest" */ = {
			isa = XCConfigurationList;
			buildConfigurations = (
				5976E1DA1E77580400EF1B04 /* Debug */,
				5976E1DB1E77580400EF1B04 /* Release */,
			);
			defaultConfigurationIsVisible = 0;
			defaultConfigurationName = Release;
		};
		5976E1DC1E77580400EF1B04 /* Build configuration list for PBXNativeTarget "OpenCLTest" */ = {
			isa = XCConfigurationList;
			buildConfigurations = (
				5976E1DD1E77580400EF1B04 /* Debug */,
				5976E1DE1E77580400EF1B04 /* Release */,
			);
			defaultConfigurationIsVisible = 0;
		};
/* End XCConfigurationList section */
	};
	rootObject = 5976E1CD1E77580300EF1B04 /* Project object */;
}
